github.com/go-chi/chi v1.5.2 h1:YcLIBANL4OTaAOcTdp//sskGa0yGACQMCtbnr7YEn0Q=
github.com/go-chi/chi v1.5.2/go.mod h1:REp24E+25iKvxgeTfHmdUoL5x15kBiDBlnIl5bCwe2k=
github.com/jameycribbs/hare v0.5.4 h1:kE6aHxdFz8YRhb3cVlBOVzFa3h8PzTuGWltUUi9ZzaY=
github.com/jameycribbs/hare v0.5.4/go.mod h1:pO8GwHOqBVd352oemfxOnJn4m1xRKKUrQ5Cn1VLjM34=
